
Microsoft Visual Studio Solution File, Format Version 12.00
# Visual Studio Version 17
VisualStudioVersion = 17.12.35527.113
MinimumVisualStudioVersion = 10.0.40219.1
Project("{FAE04EC0-301F-11D3-BF4B-00C04F79EFBC}") = "CarAuctionManagementSystem", "CarAuctionManagementSystem\CarAuctionManagementSystem.csproj", "{5F1B82CC-AE08-4F5D-AA01-9642B73CDC2F}"
EndProject
Project("{FAE04EC0-301F-11D3-BF4B-00C04F79EFBC}") = "CarAuctionManagementSystemTest", "CarAuctionManagementSystemTest\CarAuctionManagementSystemTest.csproj", "{B85BDF2F-C139-4FC2-8124-E58295C37EFC}"
EndProject
Global
	GlobalSection(SolutionConfigurationPlatforms) = preSolution
		Debug|Any CPU = Debug|Any CPU
		Release|Any CPU = Release|Any CPU
	EndGlobalSection
	GlobalSection(ProjectConfigurationPlatforms) = postSolution
		{5F1B82CC-AE08-4F5D-AA01-9642B73CDC2F}.Debug|Any CPU.ActiveCfg = Debug|Any CPU
		{5F1B82CC-AE08-4F5D-AA01-9642B73CDC2F}.Debug|Any CPU.Build.0 = Debug|Any CPU
		{5F1B82CC-AE08-4F5D-AA01-9642B73CDC2F}.Release|Any CPU.ActiveCfg = Release|Any CPU
		{5F1B82CC-AE08-4F5D-AA01-9642B73CDC2F}.Release|Any CPU.Build.0 = Release|Any CPU
		{B85BDF2F-C139-4FC2-8124-E58295C37EFC}.Debug|Any CPU.ActiveCfg = Debug|Any CPU
		{B85BDF2F-C139-4FC2-8124-E58295C37EFC}.Debug|Any CPU.Build.0 = Debug|Any CPU
		{B85BDF2F-C139-4FC2-8124-E58295C37EFC}.Release|Any CPU.ActiveCfg = Release|Any CPU
		{B85BDF2F-C139-4FC2-8124-E58295C37EFC}.Release|Any CPU.Build.0 = Release|Any CPU
	EndGlobalSection
	GlobalSection(SolutionProperties) = preSolution
		HideSolutionNode = FALSE
	EndGlobalSection
EndGlobal
